<?xml version="1.0" encoding="utf-8"?>
<Project ToolsVersion="4.0" xmlns="http://schemas.microsoft.com/developer/msbuild/2003">
  <ItemGroup>
    <Filter Include="Source Files">
      <UniqueIdentifier>{4FC737F1-C7A5-4376-A066-2A32D752A2FF}</UniqueIdentifier>
      <Extensions>cpp;cxx;c;def</Extensions>
    </Filter>
    <Filter Include="Header Files">
      <UniqueIdentifier>{93995380-89BD-4b04-88EB-625FBE52EBFB}</UniqueIdentifier>
      <Extensions>h</Extensions>
    </Filter>
    <Filter Include="Form Files">
      <UniqueIdentifier>{99349809-55BA-4b9d-BF79-8FDBB0286EB3}</UniqueIdentifier>
      <Extensions>ui</Extensions>
    </Filter>
    <Filter Include="Resource Files">
      <UniqueIdentifier>{D9D6E242-F8AF-46E4-B9FD-80ECBC20BA3E}</UniqueIdentifier>
      <Extensions>qrc;*</Extensions>
      <ParseFiles>false</ParseFiles>
    </Filter>
    <Filter Include="Generated Files">
      <UniqueIdentifier>{71ED8ED8-ACB9-4CE9-BBE1-E00B30144E11}</UniqueIdentifier>
      <Extensions>moc;h;cpp</Extensions>
      <SourceControlFiles>False</SourceControlFiles>
    </Filter>
    <Filter Include="Generated Files\Debug">
      <UniqueIdentifier>{618e61dd-cf0f-47bf-9e2c-86533e065ebf}</UniqueIdentifier>
      <Extensions>cpp;moc</Extensions>
      <SourceControlFiles>False</SourceControlFiles>
    </Filter>
    <Filter Include="Generated Files\Release">
      <UniqueIdentifier>{2266aca2-8af4-4e44-9835-c74737f42883}</UniqueIdentifier>
      <Extensions>cpp;moc</Extensions>
      <SourceControlFiles>False</SourceControlFiles>
    </Filter>
    <Filter Include="Commen">
      <UniqueIdentifier>{0852d6e9-3ab7-418f-bc3b-829ef93b7b8d}</UniqueIdentifier>
    </Filter>
    <Filter Include="HDLC">
      <UniqueIdentifier>{aff072f6-c028-4cc4-ba58-5841de461476}</UniqueIdentifier>
    </Filter>
  </ItemGroup>
  <ItemGroup>
    <ClCompile Include="main.cpp">
      <Filter>Source Files</Filter>
    </ClCompile>
    <ClCompile Include="gtdecorationrobottool.cpp">
      <Filter>Source Files</Filter>
    </ClCompile>
    <ClCompile Include="GeneratedFiles\Debug\moc_gtdecorationrobottool.cpp">
      <Filter>Generated Files\Debug</Filter>
    </ClCompile>
    <ClCompile Include="GeneratedFiles\Release\moc_gtdecorationrobottool.cpp">
      <Filter>Generated Files\Release</Filter>
    </ClCompile>
    <ClCompile Include="GeneratedFiles\qrc_gtdecorationrobottool.cpp">
      <Filter>Generated Files</Filter>
    </ClCompile>
    <ClCompile Include="Commen\qgttoolbutton.cpp">
      <Filter>Commen</Filter>
    </ClCompile>
    <ClCompile Include="GeneratedFiles\Debug\moc_qgttoolbutton.cpp">
      <Filter>Generated Files\Debug</Filter>
    </ClCompile>
    <ClCompile Include="GeneratedFiles\Release\moc_qgttoolbutton.cpp">
      <Filter>Generated Files\Release</Filter>
    </ClCompile>
    <ClCompile Include="qgtmodularcontrolpage.cpp">
      <Filter>Source Files</Filter>
    </ClCompile>
    <ClCompile Include="GeneratedFiles\Debug\moc_qgtmodularcontrolpage.cpp">
      <Filter>Generated Files\Debug</Filter>
    </ClCompile>
    <ClCompile Include="GeneratedFiles\Release\moc_qgtmodularcontrolpage.cpp">
      <Filter>Generated Files\Release</Filter>
    </ClCompile>
    <ClCompile Include="qgtchasismodule.cpp">
      <Filter>Source Files</Filter>
    </ClCompile>
    <ClCompile Include="GeneratedFiles\Debug\moc_qgtchasismodule.cpp">
      <Filter>Generated Files\Debug</Filter>
    </ClCompile>
    <ClCompile Include="GeneratedFiles\Release\moc_qgtchasismodule.cpp">
      <Filter>Generated Files\Release</Filter>
    </ClCompile>
    <ClCompile Include="Commen\qgtchasiswheelview.cpp">
      <Filter>Commen</Filter>
    </ClCompile>
    <ClCompile Include="GeneratedFiles\Debug\moc_qgtchasiswheelview.cpp">
      <Filter>Generated Files\Debug</Filter>
    </ClCompile>
    <ClCompile Include="GeneratedFiles\Release\moc_qgtchasiswheelview.cpp">
      <Filter>Generated Files\Release</Filter>
    </ClCompile>
    <ClCompile Include="qgtliftplatmodule.cpp">
      <Filter>Source Files</Filter>
    </ClCompile>
    <ClCompile Include="GeneratedFiles\Debug\moc_qgtliftplatmodule.cpp">
      <Filter>Generated Files\Debug</Filter>
    </ClCompile>
    <ClCompile Include="GeneratedFiles\Release\moc_qgtliftplatmodule.cpp">
      <Filter>Generated Files\Release</Filter>
    </ClCompile>
    <ClCompile Include="qgtrobotmodule.cpp">
      <Filter>Source Files</Filter>
    </ClCompile>
    <ClCompile Include="GeneratedFiles\Debug\moc_qgtrobotmodule.cpp">
      <Filter>Generated Files\Debug</Filter>
    </ClCompile>
    <ClCompile Include="GeneratedFiles\Release\moc_qgtrobotmodule.cpp">
      <Filter>Generated Files\Release</Filter>
    </ClCompile>
    <ClCompile Include="qgtcommunicationset.cpp">
      <Filter>Source Files</Filter>
    </ClCompile>
    <ClCompile Include="GeneratedFiles\Debug\moc_qgtcommunicationset.cpp">
      <Filter>Generated Files\Debug</Filter>
    </ClCompile>
    <ClCompile Include="GeneratedFiles\Release\moc_qgtcommunicationset.cpp">
      <Filter>Generated Files\Release</Filter>
    </ClCompile>
    <ClCompile Include="Commen\qgtipaddressedit.cpp">
      <Filter>Commen</Filter>
    </ClCompile>
    <ClCompile Include="GeneratedFiles\Debug\moc_qgtipaddressedit.cpp">
      <Filter>Generated Files\Debug</Filter>
    </ClCompile>
    <ClCompile Include="GeneratedFiles\Release\moc_qgtipaddressedit.cpp">
      <Filter>Generated Files\Release</Filter>
    </ClCompile>
    <ClCompile Include="Commen\qgtippartlineedit.cpp">
      <Filter>Commen</Filter>
    </ClCompile>
    <ClCompile Include="GeneratedFiles\Debug\moc_qgtippartlineedit.cpp">
      <Filter>Generated Files\Debug</Filter>
    </ClCompile>
    <ClCompile Include="GeneratedFiles\Release\moc_qgtippartlineedit.cpp">
      <Filter>Generated Files\Release</Filter>
    </ClCompile>
    <ClCompile Include="qgtloginpage.cpp">
      <Filter>Source Files</Filter>
    </ClCompile>
    <ClCompile Include="GeneratedFiles\Debug\moc_qgtloginpage.cpp">
      <Filter>Generated Files\Debug</Filter>
    </ClCompile>
    <ClCompile Include="GeneratedFiles\Release\moc_qgtloginpage.cpp">
      <Filter>Generated Files\Release</Filter>
    </ClCompile>
    <ClCompile Include="GlobalUnit.cpp">
      <Filter>Source Files</Filter>
    </ClCompile>
    <ClCompile Include="HDLC\FindLine.cpp">
      <Filter>HDLC</Filter>
    </ClCompile>
    <ClCompile Include="HDLC\FindLineBase.cpp">
      <Filter>HDLC</Filter>
    </ClCompile>
    <ClCompile Include="HDLC\SerialPort.cpp">
      <Filter>HDLC</Filter>
    </ClCompile>
    <ClCompile Include="HDLC\URModbusNet.cpp">
      <Filter>HDLC</Filter>
    </ClCompile>
    <ClCompile Include="HDLC\URRobotArmNet.cpp">
      <Filter>HDLC</Filter>
    </ClCompile>
    <ClCompile Include="HDLC\MotorModbus.cpp">
      <Filter>HDLC</Filter>
    </ClCompile>
    <ClCompile Include="Commen\qgtthread.cpp">
      <Filter>Commen</Filter>
    </ClCompile>
    <ClCompile Include="GeneratedFiles\Debug\moc_qgtthread.cpp">
      <Filter>Generated Files\Debug</Filter>
    </ClCompile>
    <ClCompile Include="GeneratedFiles\Release\moc_qgtthread.cpp">
      <Filter>Generated Files\Release</Filter>
    </ClCompile>
    <ClCompile Include="qgtdemoplanset.cpp">
      <Filter>Source Files</Filter>
    </ClCompile>
    <ClCompile Include="GeneratedFiles\Debug\moc_qgtdemoplanset.cpp">
      <Filter>Generated Files\Debug</Filter>
    </ClCompile>
    <ClCompile Include="GeneratedFiles\Release\moc_qgtdemoplanset.cpp">
      <Filter>Generated Files\Release</Filter>
    </ClCompile>
    <ClCompile Include="qgtlinefollowset.cpp">
      <Filter>Source Files</Filter>
    </ClCompile>
    <ClCompile Include="GeneratedFiles\Debug\moc_qgtlinefollowset.cpp">
      <Filter>Generated Files\Debug</Filter>
    </ClCompile>
    <ClCompile Include="GeneratedFiles\Release\moc_qgtlinefollowset.cpp">
      <Filter>Generated Files\Release</Filter>
    </ClCompile>
    <ClCompile Include="qgtfunctionaldemopage.cpp">
      <Filter>Source Files</Filter>
    </ClCompile>
    <ClCompile Include="GeneratedFiles\Debug\moc_qgtfunctionaldemopage.cpp">
      <Filter>Generated Files\Debug</Filter>
    </ClCompile>
    <ClCompile Include="GeneratedFiles\Release\moc_qgtfunctionaldemopage.cpp">
      <Filter>Generated Files\Release</Filter>
    </ClCompile>
    <ClCompile Include="qgtdrawlineset.cpp">
      <Filter>Source Files</Filter>
    </ClCompile>
    <ClCompile Include="GeneratedFiles\Debug\moc_qgtdrawlineset.cpp">
      <Filter>Generated Files\Debug</Filter>
    </ClCompile>
    <ClCompile Include="GeneratedFiles\Release\moc_qgtdrawlineset.cpp">
      <Filter>Generated Files\Release</Filter>
    </ClCompile>
    <ClCompile Include="qgtdemoplana.cpp">
      <Filter>Source Files</Filter>
    </ClCompile>
    <ClCompile Include="GeneratedFiles\Debug\moc_qgtdemoplana.cpp">
      <Filter>Generated Files\Debug</Filter>
    </ClCompile>
    <ClCompile Include="GeneratedFiles\Release\moc_qgtdemoplana.cpp">
      <Filter>Generated Files\Release</Filter>
    </ClCompile>
    <ClCompile Include="Commen\qgtimageview.cpp">
      <Filter>Commen</Filter>
    </ClCompile>
    <ClCompile Include="GeneratedFiles\Debug\moc_qgtimageview.cpp">
      <Filter>Generated Files\Debug</Filter>
    </ClCompile>
    <ClCompile Include="GeneratedFiles\Release\moc_qgtimageview.cpp">
      <Filter>Generated Files\Release</Filter>
    </ClCompile>
    <ClCompile Include="qgtdemoplanb.cpp">
      <Filter>Source Files</Filter>
    </ClCompile>
    <ClCompile Include="GeneratedFiles\Debug\moc_qgtdemoplanb.cpp">
      <Filter>Generated Files\Debug</Filter>
    </ClCompile>
    <ClCompile Include="GeneratedFiles\Release\moc_qgtdemoplanb.cpp">
      <Filter>Generated Files\Release</Filter>
    </ClCompile>
    <ClCompile Include="qgtdemoplanc.cpp">
      <Filter>Source Files</Filter>
    </ClCompile>
    <ClCompile Include="GeneratedFiles\Debug\moc_qgtdemoplanc.cpp">
      <Filter>Generated Files\Debug</Filter>
    </ClCompile>
    <ClCompile Include="GeneratedFiles\Release\moc_qgtdemoplanc.cpp">
      <Filter>Generated Files\Release</Filter>
    </ClCompile>
    <ClCompile Include="qgtdemopland.cpp">
      <Filter>Source Files</Filter>
    </ClCompile>
    <ClCompile Include="GeneratedFiles\Debug\moc_qgtdemopland.cpp">
      <Filter>Generated Files\Debug</Filter>
    </ClCompile>
    <ClCompile Include="GeneratedFiles\Release\moc_qgtdemopland.cpp">
      <Filter>Generated Files\Release</Filter>
    </ClCompile>
    <ClCompile Include="qgttilingset.cpp">
      <Filter>Source Files</Filter>
    </ClCompile>
    <ClCompile Include="GeneratedFiles\Debug\moc_qgttilingset.cpp">
      <Filter>Generated Files\Debug</Filter>
    </ClCompile>
    <ClCompile Include="GeneratedFiles\Release\moc_qgttilingset.cpp">
      <Filter>Generated Files\Release</Filter>
    </ClCompile>
    <ClCompile Include="qgttilingposview.cpp">
      <Filter>Source Files</Filter>
    </ClCompile>
    <ClCompile Include="GeneratedFiles\Debug\moc_qgttilingposview.cpp">
      <Filter>Generated Files\Debug</Filter>
    </ClCompile>
    <ClCompile Include="GeneratedFiles\Release\moc_qgttilingposview.cpp">
      <Filter>Generated Files\Release</Filter>
    </ClCompile>
    <ClCompile Include="qgtjoyhandlemodule.cpp">
      <Filter>Source Files</Filter>
    </ClCompile>
    <ClCompile Include="GeneratedFiles\Debug\moc_qgtjoyhandlemodule.cpp">
      <Filter>Generated Files\Debug</Filter>
    </ClCompile>
    <ClCompile Include="GeneratedFiles\Release\moc_qgtjoyhandlemodule.cpp">
      <Filter>Generated Files\Release</Filter>
    </ClCompile>
    <ClCompile Include="qgtspraypaintset.cpp">
      <Filter>Source Files</Filter>
    </ClCompile>
    <ClCompile Include="GeneratedFiles\Debug\moc_qgtspraypaintset.cpp">
      <Filter>Generated Files\Debug</Filter>
    </ClCompile>
    <ClCompile Include="GeneratedFiles\Release\moc_qgtspraypaintset.cpp">
      <Filter>Generated Files\Release</Filter>
    </ClCompile>
    <ClCompile Include="qgtdemoplane.cpp">
      <Filter>Source Files</Filter>
    </ClCompile>
    <ClCompile Include="GeneratedFiles\Debug\moc_qgtdemoplane.cpp">
      <Filter>Generated Files\Debug</Filter>
    </ClCompile>
    <ClCompile Include="GeneratedFiles\Release\moc_qgtdemoplane.cpp">
      <Filter>Generated Files\Release</Filter>
    </ClCompile>
    <ClCompile Include="HDLC\ChasisNet.cpp">
      <Filter>HDLC</Filter>
    </ClCompile>
    <ClCompile Include="HDLC\RosplatNet.cpp">
      <Filter>HDLC</Filter>
    </ClCompile>
    <ClCompile Include="qgtdemoplanf.cpp">
      <Filter>Source Files</Filter>
    </ClCompile>
    <ClCompile Include="GeneratedFiles\Debug\moc_qgtdemoplanf.cpp">
      <Filter>Generated Files\Debug</Filter>
    </ClCompile>
    <ClCompile Include="GeneratedFiles\Release\moc_qgtdemoplanf.cpp">
      <Filter>Generated Files\Release</Filter>
    </ClCompile>
    <ClCompile Include="qgtrosspraypaintset.cpp">
      <Filter>Source Files</Filter>
    </ClCompile>
    <ClCompile Include="GeneratedFiles\Debug\moc_qgtrosspraypaintset.cpp">
      <Filter>Generated Files\Debug</Filter>
    </ClCompile>
    <ClCompile Include="GeneratedFiles\Release\moc_qgtrosspraypaintset.cpp">
      <Filter>Generated Files\Release</Filter>
    </ClCompile>
  </ItemGroup>
  <ItemGroup>
    <CustomBuild Include="gtdecorationrobottool.h">
      <Filter>Header Files</Filter>
    </CustomBuild>
    <CustomBuild Include="gtdecorationrobottool.ui">
      <Filter>Form Files</Filter>
    </CustomBuild>
    <CustomBuild Include="gtdecorationrobottool.qrc">
      <Filter>Resource Files</Filter>
    </CustomBuild>
    <CustomBuild Include="Commen\qgttoolbutton.h">
      <Filter>Commen</Filter>
    </CustomBuild>
    <CustomBuild Include="qgtmodularcontrolpage.h">
      <Filter>Header Files</Filter>
    </CustomBuild>
    <CustomBuild Include="qgtmodularcontrolpage.ui">
      <Filter>Form Files</Filter>
    </CustomBuild>
    <CustomBuild Include="qgtchasismodule.h">
      <Filter>Header Files</Filter>
    </CustomBuild>
    <CustomBuild Include="qgtchasismodule.ui">
      <Filter>Form Files</Filter>
    </CustomBuild>
    <CustomBuild Include="Commen\qgtchasiswheelview.h">
      <Filter>Commen</Filter>
    </CustomBuild>
    <CustomBuild Include="qgtliftplatmodule.h">
      <Filter>Header Files</Filter>
    </CustomBuild>
    <CustomBuild Include="qgtliftplatmodule.ui">
      <Filter>Form Files</Filter>
    </CustomBuild>
    <CustomBuild Include="qgtrobotmodule.h">
      <Filter>Header Files</Filter>
    </CustomBuild>
    <CustomBuild Include="qgtrobotmodule.ui">
      <Filter>Form Files</Filter>
    </CustomBuild>
    <CustomBuild Include="qgtcommunicationset.h">
      <Filter>Header Files</Filter>
    </CustomBuild>
    <CustomBuild Include="qgtcommunicationset.ui">
      <Filter>Form Files</Filter>
    </CustomBuild>
    <CustomBuild Include="Commen\qgtipaddressedit.h">
      <Filter>Commen</Filter>
    </CustomBuild>
    <CustomBuild Include="Commen\qgtippartlineedit.h">
      <Filter>Commen</Filter>
    </CustomBuild>
    <CustomBuild Include="qgtloginpage.h">
      <Filter>Header Files</Filter>
    </CustomBuild>
    <CustomBuild Include="qgtloginpage.ui">
      <Filter>Form Files</Filter>
    </CustomBuild>
    <CustomBuild Include="Commen\qgtthread.h">
      <Filter>Commen</Filter>
    </CustomBuild>
    <CustomBuild Include="qgtdemoplanset.h">
      <Filter>Header Files</Filter>
    </CustomBuild>
    <CustomBuild Include="qgtdemoplanset.ui">
      <Filter>Form Files</Filter>
    </CustomBuild>
    <CustomBuild Include="qgtlinefollowset.h">
      <Filter>Header Files</Filter>
    </CustomBuild>
    <CustomBuild Include="qgtlinefollowset.ui">
      <Filter>Form Files</Filter>
    </CustomBuild>
    <CustomBuild Include="qgtfunctionaldemopage.h">
      <Filter>Header Files</Filter>
    </CustomBuild>
    <CustomBuild Include="qgtfunctionaldemopage.ui">
      <Filter>Form Files</Filter>
    </CustomBuild>
    <CustomBuild Include="qgtdrawlineset.h">
      <Filter>Header Files</Filter>
    </CustomBuild>
    <CustomBuild Include="qgtdrawlineset.ui">
      <Filter>Form Files</Filter>
    </CustomBuild>
    <CustomBuild Include="qgtdemoplana.h">
      <Filter>Header Files</Filter>
    </CustomBuild>
    <CustomBuild Include="qgtdemoplana.ui">
      <Filter>Form Files</Filter>
    </CustomBuild>
    <CustomBuild Include="Commen\qgtimageview.h">
      <Filter>Commen</Filter>
    </CustomBuild>
    <CustomBuild Include="qgtdemoplanb.h">
      <Filter>Header Files</Filter>
    </CustomBuild>
    <CustomBuild Include="qgtdemoplanb.ui">
      <Filter>Form Files</Filter>
    </CustomBuild>
    <CustomBuild Include="qgtdemoplanc.h">
      <Filter>Header Files</Filter>
    </CustomBuild>
    <CustomBuild Include="qgtdemoplanc.ui">
      <Filter>Form Files</Filter>
    </CustomBuild>
    <CustomBuild Include="qgtdemopland.h">
      <Filter>Header Files</Filter>
    </CustomBuild>
    <CustomBuild Include="qgtdemopland.ui">
      <Filter>Form Files</Filter>
    </CustomBuild>
    <CustomBuild Include="qgttilingset.h">
      <Filter>Header Files</Filter>
    </CustomBuild>
    <CustomBuild Include="qgttilingset.ui">
      <Filter>Form Files</Filter>
    </CustomBuild>
    <CustomBuild Include="qgttilingposview.h">
      <Filter>Header Files</Filter>
    </CustomBuild>
    <CustomBuild Include="qgtjoyhandlemodule.h">
      <Filter>Header Files</Filter>
    </CustomBuild>
    <CustomBuild Include="qgtjoyhandlemodule.ui">
      <Filter>Form Files</Filter>
    </CustomBuild>
    <CustomBuild Include="qgtspraypaintset.h">
      <Filter>Header Files</Filter>
    </CustomBuild>
    <CustomBuild Include="qgtspraypaintset.ui">
      <Filter>Form Files</Filter>
    </CustomBuild>
    <CustomBuild Include="qgtdemoplane.h">
      <Filter>Header Files</Filter>
    </CustomBuild>
    <CustomBuild Include="qgtdemoplane.ui">
      <Filter>Form Files</Filter>
    </CustomBuild>
    <CustomBuild Include="qgtdemoplanf.h">
      <Filter>Header Files</Filter>
    </CustomBuild>
    <CustomBuild Include="qgtdemoplanf.ui">
      <Filter>Form Files</Filter>
    </CustomBuild>
    <CustomBuild Include="qgtrosspraypaintset.h">
      <Filter>Header Files</Filter>
    </CustomBuild>
    <CustomBuild Include="qgtrosspraypaintset.ui">
      <Filter>Form Files</Filter>
    </CustomBuild>
  </ItemGroup>
  <ItemGroup>
    <ClInclude Include="GeneratedFiles\ui_gtdecorationrobottool.h">
      <Filter>Generated Files</Filter>
    </ClInclude>
    <ClInclude Include="GeneratedFiles\ui_qgtmodularcontrolpage.h">
      <Filter>Generated Files</Filter>
    </ClInclude>
    <ClInclude Include="resource.h">
      <Filter>Header Files</Filter>
    </ClInclude>
    <ClInclude Include="GeneratedFiles\ui_qgtchasismodule.h">
      <Filter>Generated Files</Filter>
    </ClInclude>
    <ClInclude Include="GeneratedFiles\ui_qgtliftplatmodule.h">
      <Filter>Generated Files</Filter>
    </ClInclude>
    <ClInclude Include="GeneratedFiles\ui_qgtrobotmodule.h">
      <Filter>Generated Files</Filter>
    </ClInclude>
    <ClInclude Include="GeneratedFiles\ui_qgtcommunicationset.h">
      <Filter>Generated Files</Filter>
    </ClInclude>
    <ClInclude Include="GeneratedFiles\ui_qgtloginpage.h">
      <Filter>Generated Files</Filter>
    </ClInclude>
    <ClInclude Include="GlobalUnit.h">
      <Filter>Header Files</Filter>
    </ClInclude>
    <ClInclude Include="HDLC\FindLine.h">
      <Filter>HDLC</Filter>
    </ClInclude>
    <ClInclude Include="HDLC\FindLineBase.h">
      <Filter>HDLC</Filter>
    </ClInclude>
    <ClInclude Include="HDLC\MotorModbus.h">
      <Filter>HDLC</Filter>
    </ClInclude>
    <ClInclude Include="HDLC\SerialPort.h">
      <Filter>HDLC</Filter>
    </ClInclude>
    <ClInclude Include="HDLC\URModbusNet.h">
      <Filter>HDLC</Filter>
    </ClInclude>
    <ClInclude Include="HDLC\URRobotArmNet.h">
      <Filter>HDLC</Filter>
    </ClInclude>
    <ClInclude Include="GeneratedFiles\ui_qgtdemoplanset.h">
      <Filter>Generated Files</Filter>
    </ClInclude>
    <ClInclude Include="GeneratedFiles\ui_qgtlinefollowset.h">
      <Filter>Generated Files</Filter>
    </ClInclude>
    <ClInclude Include="Commen\QGTPoint3D.h">
      <Filter>Commen</Filter>
    </ClInclude>
    <ClInclude Include="GeneratedFiles\ui_qgtfunctionaldemopage.h">
      <Filter>Generated Files</Filter>
    </ClInclude>
    <ClInclude Include="GeneratedFiles\ui_qgtdrawlineset.h">
      <Filter>Generated Files</Filter>
    </ClInclude>
    <ClInclude Include="GeneratedFiles\ui_qgtdemoplana.h">
      <Filter>Generated Files</Filter>
    </ClInclude>
    <ClInclude Include="GeneratedFiles\ui_qgtdemoplanb.h">
      <Filter>Generated Files</Filter>
    </ClInclude>
    <ClInclude Include="GeneratedFiles\ui_qgtdemoplanc.h">
      <Filter>Generated Files</Filter>
    </ClInclude>
    <ClInclude Include="GeneratedFiles\ui_qgtdemopland.h">
      <Filter>Generated Files</Filter>
    </ClInclude>
    <ClInclude Include="GeneratedFiles\ui_qgttilingset.h">
      <Filter>Generated Files</Filter>
    </ClInclude>
    <ClInclude Include="GeneratedFiles\ui_qgtjoyhandlemodule.h">
      <Filter>Generated Files</Filter>
    </ClInclude>
    <ClInclude Include="GeneratedFiles\ui_qgtspraypaintset.h">
      <Filter>Generated Files</Filter>
    </ClInclude>
    <ClInclude Include="GeneratedFiles\ui_qgtdemoplane.h">
      <Filter>Generated Files</Filter>
    </ClInclude>
    <ClInclude Include="HDLC\ChasisNet.h">
      <Filter>HDLC</Filter>
    </ClInclude>
    <ClInclude Include="HDLC\HDLCNet.h">
      <Filter>HDLC</Filter>
    </ClInclude>
    <ClInclude Include="HDLC\RosplatNet.h">
      <Filter>HDLC</Filter>
    </ClInclude>
    <ClInclude Include="GeneratedFiles\ui_qgtdemoplanf.h">
      <Filter>Generated Files</Filter>
    </ClInclude>
    <ClInclude Include="GeneratedFiles\ui_qgtrosspraypaintset.h">
      <Filter>Generated Files</Filter>
    </ClInclude>
  </ItemGroup>
  <ItemGroup>
    <ResourceCompile Include="GTDecorationRobotTool.rc" />
  </ItemGroup>
  <ItemGroup>
    <Image Include="Resources\Btn_Select_RobotModule_Normal.png" />
    <Image Include="icon1.ico" />
    <Image Include="Resources\GTRobot.ico" />
    <Image Include="Resources\GTDecorationRobotTool.ico" />
  </ItemGroup>
</Project>